
Microsoft Visual Studio Solution File, Format Version 12.00
# Visual Studio Version 16
VisualStudioVersion = 16.0.30907.101
MinimumVisualStudioVersion = 10.0.40219.1
Project("{FAE04EC0-301F-11D3-BF4B-00C04F79EFBC}") = "curs 3", "curs 3\curs 3.csproj", "{3833DCBA-3FDF-4F31-B2D5-DE3AE9626557}"
EndProject
Global
	GlobalSection(SolutionConfigurationPlatforms) = preSolution
		Debug|Any CPU = Debug|Any CPU
		Release|Any CPU = Release|Any CPU
	EndGlobalSection
	GlobalSection(ProjectConfigurationPlatforms) = postSolution
		{3833DCBA-3FDF-4F31-B2D5-DE3AE9626557}.Debug|Any CPU.ActiveCfg = Debug|Any CPU
		{3833DCBA-3FDF-4F31-B2D5-DE3AE9626557}.Debug|Any CPU.Build.0 = Debug|Any CPU
		{3833DCBA-3FDF-4F31-B2D5-DE3AE9626557}.Release|Any CPU.ActiveCfg = Release|Any CPU
		{3833DCBA-3FDF-4F31-B2D5-DE3AE9626557}.Release|Any CPU.Build.0 = Release|Any CPU
	EndGlobalSection
	GlobalSection(SolutionProperties) = preSolution
		HideSolutionNode = FALSE
	EndGlobalSection
	GlobalSection(ExtensibilityGlobals) = postSolution
		SolutionGuid = {3402FDB1-313D-4C1C-951B-74CC3B6B672A}
	EndGlobalSection
EndGlobal
